<?xml version="1.0" encoding="utf-8"?>
<Project xmlns="http://schemas.microsoft.com/developer/msbuild/2003">
  <ItemGroup>
    <Filter Include="Form Files">
      <UniqueIdentifier>{99349809-55BA-4b9d-BF79-8FDBB0286EB3}</UniqueIdentifier>
      <Extensions>ui</Extensions>
      <ParseFiles>false</ParseFiles>
    </Filter>
    <Filter Include="Form Files">
      <UniqueIdentifier>{99349809-55BA-4b9d-BF79-8FDBB0286EB3}</UniqueIdentifier>
      <Extensions>ui</Extensions>
      <ParseFiles>false</ParseFiles>
    </Filter>
    <Filter Include="Generated Files">
      <UniqueIdentifier>{71ED8ED8-ACB9-4CE9-BBE1-E00B30144E11}</UniqueIdentifier>
      <Extensions>cpp;c;cxx;moc;h;def;odl;idl;res;</Extensions>
    </Filter>
    <Filter Include="Generated Files">
      <UniqueIdentifier>{71ED8ED8-ACB9-4CE9-BBE1-E00B30144E11}</UniqueIdentifier>
      <Extensions>cpp;c;cxx;moc;h;def;odl;idl;res;</Extensions>
    </Filter>
    <Filter Include="Header Files">
      <UniqueIdentifier>{93995380-89BD-4b04-88EB-625FBE52EBFB}</UniqueIdentifier>
      <Extensions>h;hpp;hxx;hm;inl;inc;xsd</Extensions>
    </Filter>
    <Filter Include="Header Files">
      <UniqueIdentifier>{93995380-89BD-4b04-88EB-625FBE52EBFB}</UniqueIdentifier>
      <Extensions>h;hpp;hxx;hm;inl;inc;xsd</Extensions>
    </Filter>
    <Filter Include="Resource Files">
      <UniqueIdentifier>{D9D6E242-F8AF-46E4-B9FD-80ECBC20BA3E}</UniqueIdentifier>
      <Extensions>qrc;*</Extensions>
      <ParseFiles>false</ParseFiles>
    </Filter>
    <Filter Include="Resource Files">
      <UniqueIdentifier>{D9D6E242-F8AF-46E4-B9FD-80ECBC20BA3E}</UniqueIdentifier>
      <Extensions>qrc;*</Extensions>
      <ParseFiles>false</ParseFiles>
    </Filter>
    <Filter Include="Source Files">
      <UniqueIdentifier>{4FC737F1-C7A5-4376-A066-2A32D752A2FF}</UniqueIdentifier>
      <Extensions>cpp;c;cxx;def;odl;idl;hpj;bat;asm;asmx</Extensions>
    </Filter>
    <Filter Include="Source Files">
      <UniqueIdentifier>{4FC737F1-C7A5-4376-A066-2A32D752A2FF}</UniqueIdentifier>
      <Extensions>cpp;c;cxx;def;odl;idl;hpj;bat;asm;asmx</Extensions>
    </Filter>
    <Filter Include="Translation Files">
      <UniqueIdentifier>{639EADAA-A684-42e4-A9AD-28FC9BCB8F7C}</UniqueIdentifier>
      <Extensions>ts;xlf</Extensions>
      <ParseFiles>false</ParseFiles>
    </Filter>
    <Filter Include="Translation Files">
      <UniqueIdentifier>{639EADAA-A684-42e4-A9AD-28FC9BCB8F7C}</UniqueIdentifier>
      <Extensions>ts;xlf</Extensions>
      <ParseFiles>false</ParseFiles>
    </Filter>
    <Filter Include="Distribution Files">
      <UniqueIdentifier>{B83CAF91-C7BF-462F-B76C-EA11631F866C}</UniqueIdentifier>
      <Extensions>*</Extensions>
      <ParseFiles>false</ParseFiles>
    </Filter>
    <Filter Include="Distribution Files">
      <UniqueIdentifier>{B83CAF91-C7BF-462F-B76C-EA11631F866C}</UniqueIdentifier>
      <Extensions>*</Extensions>
      <ParseFiles>false</ParseFiles>
    </Filter>
  </ItemGroup>
  <ItemGroup>
    <ClCompile Include="..\AbstractAPOInfo.cpp">
      <Filter>Source Files</Filter>
    </ClCompile>
    <ClCompile Include="..\helpers\AbstractLibrary.cpp">
      <Filter>Source Files</Filter>
    </ClCompile>
    <ClCompile Include="AnalysisPlotScene.cpp">
      <Filter>Source Files</Filter>
    </ClCompile>
    <ClCompile Include="AnalysisPlotView.cpp">
      <Filter>Source Files</Filter>
    </ClCompile>
    <ClCompile Include="AnalysisThread.cpp">
      <Filter>Source Files</Filter>
    </ClCompile>
    <ClCompile Include="..\filters\BiQuad.cpp">
      <Filter>Source Files</Filter>
    </ClCompile>
    <ClCompile Include="..\filters\BiQuadFilter.cpp">
      <Filter>Source Files</Filter>
    </ClCompile>
    <ClCompile Include="..\filters\BiQuadFilterFactory.cpp">
      <Filter>Source Files</Filter>
    </ClCompile>
    <ClCompile Include="guis\BiQuadFilterGUI.cpp">
      <Filter>Source Files</Filter>
    </ClCompile>
    <ClCompile Include="guis\BiQuadFilterGUIFactory.cpp">
      <Filter>Source Files</Filter>
    </ClCompile>
    <ClCompile Include="..\filters\ChannelFilter.cpp">
      <Filter>Source Files</Filter>
    </ClCompile>
    <ClCompile Include="..\filters\ChannelFilterFactory.cpp">
      <Filter>Source Files</Filter>
    </ClCompile>
    <ClCompile Include="guis\ChannelFilterGUI.cpp">
      <Filter>Source Files</Filter>
    </ClCompile>
    <ClCompile Include="guis\ChannelFilterGUIChannelItem.cpp">
      <Filter>Source Files</Filter>
    </ClCompile>
    <ClCompile Include="guis\ChannelFilterGUIDialog.cpp">
      <Filter>Source Files</Filter>
    </ClCompile>
    <ClCompile Include="guis\ChannelFilterGUIFactory.cpp">
      <Filter>Source Files</Filter>
    </ClCompile>
    <ClCompile Include="guis\ChannelFilterGUIScene.cpp">
      <Filter>Source Files</Filter>
    </ClCompile>
    <ClCompile Include="widgets\ChannelGraphItem.cpp">
      <Filter>Source Files</Filter>
    </ClCompile>
    <ClCompile Include="widgets\ChannelGraphScene.cpp">
      <Filter>Source Files</Filter>
    </ClCompile>
    <ClCompile Include="..\helpers\ChannelHelper.cpp">
      <Filter>Source Files</Filter>
    </ClCompile>
    <ClCompile Include="guis\CommentFilterGUI.cpp">
      <Filter>Source Files</Filter>
    </ClCompile>
    <ClCompile Include="guis\CommentFilterGUIFactory.cpp">
      <Filter>Source Files</Filter>
    </ClCompile>
    <ClCompile Include="widgets\CompactToolBar.cpp">
      <Filter>Source Files</Filter>
    </ClCompile>
    <ClCompile Include="..\filters\ConvolutionFilter.cpp">
      <Filter>Source Files</Filter>
    </ClCompile>
    <ClCompile Include="..\filters\ConvolutionFilterFactory.cpp">
      <Filter>Source Files</Filter>
    </ClCompile>
    <ClCompile Include="guis\ConvolutionFilterGUI.cpp">
      <Filter>Source Files</Filter>
    </ClCompile>
    <ClCompile Include="guis\ConvolutionFilterGUIFactory.cpp">
      <Filter>Source Files</Filter>
    </ClCompile>
    <ClCompile Include="..\filters\CopyFilter.cpp">
      <Filter>Source Files</Filter>
    </ClCompile>
    <ClCompile Include="..\filters\CopyFilterFactory.cpp">
      <Filter>Source Files</Filter>
    </ClCompile>
    <ClCompile Include="guis\CopyFilterGUI.cpp">
      <Filter>Source Files</Filter>
    </ClCompile>
    <ClCompile Include="guis\CopyFilterGUIChannelItem.cpp">
      <Filter>Source Files</Filter>
    </ClCompile>
    <ClCompile Include="guis\CopyFilterGUIConnectionItem.cpp">
      <Filter>Source Files</Filter>
    </ClCompile>
    <ClCompile Include="guis\CopyFilterGUIFactory.cpp">
      <Filter>Source Files</Filter>
    </ClCompile>
    <ClCompile Include="guis\CopyFilterGUIForm.cpp">
      <Filter>Source Files</Filter>
    </ClCompile>
    <ClCompile Include="guis\CopyFilterGUIRow.cpp">
      <Filter>Source Files</Filter>
    </ClCompile>
    <ClCompile Include="guis\CopyFilterGUIScene.cpp">
      <Filter>Source Files</Filter>
    </ClCompile>
    <ClCompile Include="CustomStyle.cpp">
      <Filter>Source Files</Filter>
    </ClCompile>
    <ClCompile Include="..\filters\DelayFilter.cpp">
      <Filter>Source Files</Filter>
    </ClCompile>
    <ClCompile Include="..\filters\DelayFilterFactory.cpp">
      <Filter>Source Files</Filter>
    </ClCompile>
    <ClCompile Include="guis\DelayFilterGUI.cpp">
      <Filter>Source Files</Filter>
    </ClCompile>
    <ClCompile Include="guis\DelayFilterGUIFactory.cpp">
      <Filter>Source Files</Filter>
    </ClCompile>
    <ClCompile Include="..\DeviceAPOInfo.cpp">
      <Filter>Source Files</Filter>
    </ClCompile>
    <ClCompile Include="..\filters\DeviceFilterFactory.cpp">
      <Filter>Source Files</Filter>
    </ClCompile>
    <ClCompile Include="guis\DeviceFilterGUI.cpp">
      <Filter>Source Files</Filter>
    </ClCompile>
    <ClCompile Include="guis\DeviceFilterGUIDialog.cpp">
      <Filter>Source Files</Filter>
    </ClCompile>
    <ClCompile Include="guis\DeviceFilterGUIFactory.cpp">
      <Filter>Source Files</Filter>
    </ClCompile>
    <ClCompile Include="helpers\DisableWheelFilter.cpp">
      <Filter>Source Files</Filter>
    </ClCompile>
    <ClCompile Include="widgets\EscapableLineEdit.cpp">
      <Filter>Source Files</Filter>
    </ClCompile>
    <ClCompile Include="widgets\ExponentialSpinBox.cpp">
      <Filter>Source Files</Filter>
    </ClCompile>
    <ClCompile Include="..\filters\ExpressionFilterFactory.cpp">
      <Filter>Source Files</Filter>
    </ClCompile>
    <ClCompile Include="guis\ExpressionFilterGUIFactory.cpp">
      <Filter>Source Files</Filter>
    </ClCompile>
    <ClCompile Include="..\FilterConfiguration.cpp">
      <Filter>Source Files</Filter>
    </ClCompile>
    <ClCompile Include="..\FilterEngine.cpp">
      <Filter>Source Files</Filter>
    </ClCompile>
    <ClCompile Include="FilterTable.cpp">
      <Filter>Source Files</Filter>
    </ClCompile>
    <ClCompile Include="FilterTableMimeData.cpp">
      <Filter>Source Files</Filter>
    </ClCompile>
    <ClCompile Include="FilterTableRow.cpp">
      <Filter>Source Files</Filter>
    </ClCompile>
    <ClCompile Include="FilterTemplate.cpp">
      <Filter>Source Files</Filter>
    </ClCompile>
    <ClCompile Include="widgets\FrequencyPlotHRuler.cpp">
      <Filter>Source Files</Filter>
    </ClCompile>
    <ClCompile Include="widgets\FrequencyPlotItem.cpp">
      <Filter>Source Files</Filter>
    </ClCompile>
    <ClCompile Include="widgets\FrequencyPlotScene.cpp">
      <Filter>Source Files</Filter>
    </ClCompile>
    <ClCompile Include="widgets\FrequencyPlotVRuler.cpp">
      <Filter>Source Files</Filter>
    </ClCompile>
    <ClCompile Include="widgets\FrequencyPlotView.cpp">
      <Filter>Source Files</Filter>
    </ClCompile>
    <ClCompile Include="helpers\GUIChannelHelper.cpp">
      <Filter>Source Files</Filter>
    </ClCompile>
    <ClCompile Include="helpers\GUIHelper.cpp">
      <Filter>Source Files</Filter>
    </ClCompile>
    <ClCompile Include="..\helpers\GainIterator.cpp">
      <Filter>Source Files</Filter>
    </ClCompile>
    <ClCompile Include="..\filters\GraphicEQFilter.cpp">
      <Filter>Source Files</Filter>
    </ClCompile>
    <ClCompile Include="..\filters\GraphicEQFilterFactory.cpp">
      <Filter>Source Files</Filter>
    </ClCompile>
    <ClCompile Include="guis\GraphicEQFilterGUI.cpp">
      <Filter>Source Files</Filter>
    </ClCompile>
    <ClCompile Include="guis\GraphicEQFilterGUIFactory.cpp">
      <Filter>Source Files</Filter>
    </ClCompile>
    <ClCompile Include="guis\GraphicEQFilterGUIItem.cpp">
      <Filter>Source Files</Filter>
    </ClCompile>
    <ClCompile Include="guis\GraphicEQFilterGUIScene.cpp">
      <Filter>Source Files</Filter>
    </ClCompile>
    <ClCompile Include="guis\GraphicEQFilterGUIView.cpp">
      <Filter>Source Files</Filter>
    </ClCompile>
    <ClCompile Include="..\IFilter.cpp">
      <Filter>Source Files</Filter>
    </ClCompile>
    <ClCompile Include="IFilterGUI.cpp">
      <Filter>Source Files</Filter>
    </ClCompile>
    <ClCompile Include="IFilterGUIFactory.cpp">
      <Filter>Source Files</Filter>
    </ClCompile>
    <ClCompile Include="..\filters\IIRFilter.cpp">
      <Filter>Source Files</Filter>
    </ClCompile>
    <ClCompile Include="..\filters\IIRFilterFactory.cpp">
      <Filter>Source Files</Filter>
    </ClCompile>
    <ClCompile Include="..\filters\IfFilterFactory.cpp">
      <Filter>Source Files</Filter>
    </ClCompile>
    <ClCompile Include="..\filters\IncludeFilterFactory.cpp">
      <Filter>Source Files</Filter>
    </ClCompile>
    <ClCompile Include="guis\IncludeFilterGUI.cpp">
      <Filter>Source Files</Filter>
    </ClCompile>
    <ClCompile Include="guis\IncludeFilterGUIFactory.cpp">
      <Filter>Source Files</Filter>
    </ClCompile>
    <ClCompile Include="..\helpers\LogHelper.cpp">
      <Filter>Source Files</Filter>
    </ClCompile>
    <ClCompile Include="..\parser\LogicalOperators.cpp">
      <Filter>Source Files</Filter>
    </ClCompile>
    <ClCompile Include="..\filters\loudnessCorrection\LoudnessCorrectionFilter.cpp">
      <Filter>Source Files</Filter>
    </ClCompile>
    <ClCompile Include="..\filters\loudnessCorrection\LoudnessCorrectionFilterFactory.cpp">
      <Filter>Source Files</Filter>
    </ClCompile>
    <ClCompile Include="guis\LoudnessCorrectionFilterGUI.cpp">
      <Filter>Source Files</Filter>
    </ClCompile>
    <ClCompile Include="guis\LoudnessCorrectionFilterGUIDialog.cpp">
      <Filter>Source Files</Filter>
    </ClCompile>
    <ClCompile Include="guis\LoudnessCorrectionFilterGUIFactory.cpp">
      <Filter>Source Files</Filter>
    </ClCompile>
    <ClCompile Include="MainWindow.cpp">
      <Filter>Source Files</Filter>
    </ClCompile>
    <ClCompile Include="..\helpers\MemoryHelper.cpp">
      <Filter>Source Files</Filter>
    </ClCompile>
    <ClCompile Include="widgets\MiddleClickTabBar.cpp">
      <Filter>Source Files</Filter>
    </ClCompile>
    <ClCompile Include="widgets\MiddleClickTabWidget.cpp">
      <Filter>Source Files</Filter>
    </ClCompile>
    <ClCompile Include="..\filters\PreampFilter.cpp">
      <Filter>Source Files</Filter>
    </ClCompile>
    <ClCompile Include="..\filters\PreampFilterFactory.cpp">
      <Filter>Source Files</Filter>
    </ClCompile>
    <ClCompile Include="guis\PreampFilterGUI.cpp">
      <Filter>Source Files</Filter>
    </ClCompile>
    <ClCompile Include="guis\PreampFilterGUIFactory.cpp">
      <Filter>Source Files</Filter>
    </ClCompile>
    <ClCompile Include="helpers\QtSndfileHandle.cpp">
      <Filter>Source Files</Filter>
    </ClCompile>
    <ClCompile Include="..\parser\RegexFunctions.cpp">
      <Filter>Source Files</Filter>
    </ClCompile>
    <ClCompile Include="..\parser\RegistryFunctions.cpp">
      <Filter>Source Files</Filter>
    </ClCompile>
    <ClCompile Include="..\helpers\RegistryHelper.cpp">
      <Filter>Source Files</Filter>
    </ClCompile>
    <ClCompile Include="widgets\ResizeCorner.cpp">
      <Filter>Source Files</Filter>
    </ClCompile>
    <ClCompile Include="widgets\ResizingLineEdit.cpp">
      <Filter>Source Files</Filter>
    </ClCompile>
    <ClCompile Include="..\filters\StageFilterFactory.cpp">
      <Filter>Source Files</Filter>
    </ClCompile>
    <ClCompile Include="guis\StageFilterGUI.cpp">
      <Filter>Source Files</Filter>
    </ClCompile>
    <ClCompile Include="guis\StageFilterGUIFactory.cpp">
      <Filter>Source Files</Filter>
    </ClCompile>
    <ClCompile Include="..\helpers\StringHelper.cpp">
      <Filter>Source Files</Filter>
    </ClCompile>
    <ClCompile Include="..\parser\StringOperators.cpp">
      <Filter>Source Files</Filter>
    </ClCompile>
    <ClCompile Include="..\filters\VSTPluginFilter.cpp">
      <Filter>Source Files</Filter>
    </ClCompile>
    <ClCompile Include="..\filters\VSTPluginFilterFactory.cpp">
      <Filter>Source Files</Filter>
    </ClCompile>
    <ClCompile Include="guis\VSTPluginFilterGUI.cpp">
      <Filter>Source Files</Filter>
    </ClCompile>
    <ClCompile Include="guis\VSTPluginFilterGUIDialog.cpp">
      <Filter>Source Files</Filter>
    </ClCompile>
    <ClCompile Include="guis\VSTPluginFilterGUIFactory.cpp">
      <Filter>Source Files</Filter>
    </ClCompile>
    <ClCompile Include="..\helpers\VSTPluginInstance.cpp">
      <Filter>Source Files</Filter>
    </ClCompile>
    <ClCompile Include="..\helpers\VSTPluginLibrary.cpp">
      <Filter>Source Files</Filter>
    </ClCompile>
    <ClCompile Include="..\VoicemeeterAPOInfo.cpp">
      <Filter>Source Files</Filter>
    </ClCompile>
    <ClCompile Include="..\filters\loudnessCorrection\VolumeController.cpp">
      <Filter>Source Files</Filter>
    </ClCompile>
    <ClCompile Include="helpers\WASAPILoopback.cpp">
      <Filter>Source Files</Filter>
    </ClCompile>
    <ClCompile Include="..\libHybridConv-0.1.1\libHybridConv_eapo.cpp">
      <Filter>Source Files</Filter>
    </ClCompile>
    <ClCompile Include="main.cpp">
      <Filter>Source Files</Filter>
    </ClCompile>
    <ClCompile Include="..\external-lib\muparserx\muparserx-4.0.12\parser\mpError.cpp">
      <Filter>Source Files</Filter>
    </ClCompile>
    <ClCompile Include="..\external-lib\muparserx\muparserx-4.0.12\parser\mpFuncCmplx.cpp">
      <Filter>Source Files</Filter>
    </ClCompile>
    <ClCompile Include="..\external-lib\muparserx\muparserx-4.0.12\parser\mpFuncCommon.cpp">
      <Filter>Source Files</Filter>
    </ClCompile>
    <ClCompile Include="..\external-lib\muparserx\muparserx-4.0.12\parser\mpFuncMatrix.cpp">
      <Filter>Source Files</Filter>
    </ClCompile>
    <ClCompile Include="..\external-lib\muparserx\muparserx-4.0.12\parser\mpFuncNonCmplx.cpp">
      <Filter>Source Files</Filter>
    </ClCompile>
    <ClCompile Include="..\external-lib\muparserx\muparserx-4.0.12\parser\mpFuncStr.cpp">
      <Filter>Source Files</Filter>
    </ClCompile>
    <ClCompile Include="..\external-lib\muparserx\muparserx-4.0.12\parser\mpICallback.cpp">
      <Filter>Source Files</Filter>
    </ClCompile>
    <ClCompile Include="..\external-lib\muparserx\muparserx-4.0.12\parser\mpIOprt.cpp">
      <Filter>Source Files</Filter>
    </ClCompile>
    <ClCompile Include="..\external-lib\muparserx\muparserx-4.0.12\parser\mpIOprtBinShortcut.cpp">
      <Filter>Source Files</Filter>
    </ClCompile>
    <ClCompile Include="..\external-lib\muparserx\muparserx-4.0.12\parser\mpIPackage.cpp">
      <Filter>Source Files</Filter>
    </ClCompile>
    <ClCompile Include="..\external-lib\muparserx\muparserx-4.0.12\parser\mpIToken.cpp">
      <Filter>Source Files</Filter>
    </ClCompile>
    <ClCompile Include="..\external-lib\muparserx\muparserx-4.0.12\parser\mpIValReader.cpp">
      <Filter>Source Files</Filter>
    </ClCompile>
    <ClCompile Include="..\external-lib\muparserx\muparserx-4.0.12\parser\mpIValue.cpp">
      <Filter>Source Files</Filter>
    </ClCompile>
    <ClCompile Include="..\external-lib\muparserx\muparserx-4.0.12\parser\mpIfThenElse.cpp">
      <Filter>Source Files</Filter>
    </ClCompile>
    <ClCompile Include="..\external-lib\muparserx\muparserx-4.0.12\parser\mpOprtBinAssign.cpp">
      <Filter>Source Files</Filter>
    </ClCompile>
    <ClCompile Include="..\external-lib\muparserx\muparserx-4.0.12\parser\mpOprtBinCommon.cpp">
      <Filter>Source Files</Filter>
    </ClCompile>
    <ClCompile Include="..\external-lib\muparserx\muparserx-4.0.12\parser\mpOprtBinShortcut.cpp">
      <Filter>Source Files</Filter>
    </ClCompile>
    <ClCompile Include="..\external-lib\muparserx\muparserx-4.0.12\parser\mpOprtCmplx.cpp">
      <Filter>Source Files</Filter>
    </ClCompile>
    <ClCompile Include="..\external-lib\muparserx\muparserx-4.0.12\parser\mpOprtIndex.cpp">
      <Filter>Source Files</Filter>
    </ClCompile>
    <ClCompile Include="..\external-lib\muparserx\muparserx-4.0.12\parser\mpOprtMatrix.cpp">
      <Filter>Source Files</Filter>
    </ClCompile>
    <ClCompile Include="..\external-lib\muparserx\muparserx-4.0.12\parser\mpOprtNonCmplx.cpp">
      <Filter>Source Files</Filter>
    </ClCompile>
    <ClCompile Include="..\external-lib\muparserx\muparserx-4.0.12\parser\mpOprtPostfixCommon.cpp">
      <Filter>Source Files</Filter>
    </ClCompile>
    <ClCompile Include="..\external-lib\muparserx\muparserx-4.0.12\parser\mpPackageCmplx.cpp">
      <Filter>Source Files</Filter>
    </ClCompile>
    <ClCompile Include="..\external-lib\muparserx\muparserx-4.0.12\parser\mpPackageCommon.cpp">
      <Filter>Source Files</Filter>
    </ClCompile>
    <ClCompile Include="..\external-lib\muparserx\muparserx-4.0.12\parser\mpPackageMatrix.cpp">
      <Filter>Source Files</Filter>
    </ClCompile>
    <ClCompile Include="..\external-lib\muparserx\muparserx-4.0.12\parser\mpPackageNonCmplx.cpp">
      <Filter>Source Files</Filter>
    </ClCompile>
    <ClCompile Include="..\external-lib\muparserx\muparserx-4.0.12\parser\mpPackageStr.cpp">
      <Filter>Source Files</Filter>
    </ClCompile>
    <ClCompile Include="..\external-lib\muparserx\muparserx-4.0.12\parser\mpPackageUnit.cpp">
      <Filter>Source Files</Filter>
    </ClCompile>
    <ClCompile Include="..\external-lib\muparserx\muparserx-4.0.12\parser\mpParser.cpp">
      <Filter>Source Files</Filter>
    </ClCompile>
    <ClCompile Include="..\external-lib\muparserx\muparserx-4.0.12\parser\mpParserBase.cpp">
      <Filter>Source Files</Filter>
    </ClCompile>
    <ClCompile Include="..\external-lib\muparserx\muparserx-4.0.12\parser\mpParserMessageProvider.cpp">
      <Filter>Source Files</Filter>
    </ClCompile>
    <ClCompile Include="..\external-lib\muparserx\muparserx-4.0.12\parser\mpRPN.cpp">
      <Filter>Source Files</Filter>
    </ClCompile>
    <ClCompile Include="..\external-lib\muparserx\muparserx-4.0.12\parser\mpScriptTokens.cpp">
      <Filter>Source Files</Filter>
    </ClCompile>
    <ClCompile Include="..\external-lib\muparserx\muparserx-4.0.12\parser\mpTest.cpp">
      <Filter>Source Files</Filter>
    </ClCompile>
    <ClCompile Include="..\external-lib\muparserx\muparserx-4.0.12\parser\mpTokenReader.cpp">
      <Filter>Source Files</Filter>
    </ClCompile>
    <ClCompile Include="..\external-lib\muparserx\muparserx-4.0.12\parser\mpValReader.cpp">
      <Filter>Source Files</Filter>
    </ClCompile>
    <ClCompile Include="..\external-lib\muparserx\muparserx-4.0.12\parser\mpValue.cpp">
      <Filter>Source Files</Filter>
    </ClCompile>
    <ClCompile Include="..\external-lib\muparserx\muparserx-4.0.12\parser\mpValueCache.cpp">
      <Filter>Source Files</Filter>
    </ClCompile>
    <ClCompile Include="..\external-lib\muparserx\muparserx-4.0.12\parser\mpVariable.cpp">
      <Filter>Source Files</Filter>
    </ClCompile>
  </ItemGroup>
  <ItemGroup>
    <ClInclude Include="..\AbstractAPOInfo.h">
      <Filter>Header Files</Filter>
    </ClInclude>
    <ClInclude Include="..\helpers\AbstractLibrary.h">
      <Filter>Header Files</Filter>
    </ClInclude>
    <CustomBuild Include="AnalysisPlotScene.h">
      <Filter>Header Files</Filter>
    </CustomBuild>
    <CustomBuild Include="AnalysisPlotView.h">
      <Filter>Header Files</Filter>
    </CustomBuild>
    <CustomBuild Include="AnalysisThread.h">
      <Filter>Header Files</Filter>
    </CustomBuild>
    <ClInclude Include="..\filters\BiQuad.h">
      <Filter>Header Files</Filter>
    </ClInclude>
    <ClInclude Include="..\filters\BiQuadFilter.h">
      <Filter>Header Files</Filter>
    </ClInclude>
    <ClInclude Include="..\filters\BiQuadFilterFactory.h">
      <Filter>Header Files</Filter>
    </ClInclude>
    <CustomBuild Include="guis\BiQuadFilterGUI.h">
      <Filter>Header Files</Filter>
    </CustomBuild>
    <CustomBuild Include="guis\BiQuadFilterGUIFactory.h">
      <Filter>Header Files</Filter>
    </CustomBuild>
    <ClInclude Include="..\filters\ChannelFilter.h">
      <Filter>Header Files</Filter>
    </ClInclude>
    <ClInclude Include="..\filters\ChannelFilterFactory.h">
      <Filter>Header Files</Filter>
    </ClInclude>
    <CustomBuild Include="guis\ChannelFilterGUI.h">
      <Filter>Header Files</Filter>
    </CustomBuild>
    <ClInclude Include="guis\ChannelFilterGUIChannelItem.h">
      <Filter>Header Files</Filter>
    </ClInclude>
    <CustomBuild Include="guis\ChannelFilterGUIDialog.h">
      <Filter>Header Files</Filter>
    </CustomBuild>
    <CustomBuild Include="guis\ChannelFilterGUIFactory.h">
      <Filter>Header Files</Filter>
    </CustomBuild>
    <CustomBuild Include="guis\ChannelFilterGUIScene.h">
      <Filter>Header Files</Filter>
    </CustomBuild>
    <ClInclude Include="widgets\ChannelGraphItem.h">
      <Filter>Header Files</Filter>
    </ClInclude>
    <CustomBuild Include="widgets\ChannelGraphScene.h">
      <Filter>Header Files</Filter>
    </CustomBuild>
    <ClInclude Include="..\helpers\ChannelHelper.h">
      <Filter>Header Files</Filter>
    </ClInclude>
    <CustomBuild Include="guis\CommentFilterGUI.h">
      <Filter>Header Files</Filter>
    </CustomBuild>
    <CustomBuild Include="guis\CommentFilterGUIFactory.h">
      <Filter>Header Files</Filter>
    </CustomBuild>
    <CustomBuild Include="widgets\CompactToolBar.h">
      <Filter>Header Files</Filter>
    </CustomBuild>
    <ClInclude Include="..\filters\ConvolutionFilter.h">
      <Filter>Header Files</Filter>
    </ClInclude>
    <ClInclude Include="..\filters\ConvolutionFilterFactory.h">
      <Filter>Header Files</Filter>
    </ClInclude>
    <CustomBuild Include="guis\ConvolutionFilterGUI.h">
      <Filter>Header Files</Filter>
    </CustomBuild>
    <CustomBuild Include="guis\ConvolutionFilterGUIFactory.h">
      <Filter>Header Files</Filter>
    </CustomBuild>
    <ClInclude Include="..\filters\CopyFilter.h">
      <Filter>Header Files</Filter>
    </ClInclude>
    <ClInclude Include="..\filters\CopyFilterFactory.h">
      <Filter>Header Files</Filter>
    </ClInclude>
    <CustomBuild Include="guis\CopyFilterGUI.h">
      <Filter>Header Files</Filter>
    </CustomBuild>
    <ClInclude Include="guis\CopyFilterGUIChannelItem.h">
      <Filter>Header Files</Filter>
    </ClInclude>
    <CustomBuild Include="guis\CopyFilterGUIConnectionItem.h">
      <Filter>Header Files</Filter>
    </CustomBuild>
    <CustomBuild Include="guis\CopyFilterGUIFactory.h">
      <Filter>Header Files</Filter>
    </CustomBuild>
    <CustomBuild Include="guis\CopyFilterGUIForm.h">
      <Filter>Header Files</Filter>
    </CustomBuild>
    <CustomBuild Include="guis\CopyFilterGUIRow.h">
      <Filter>Header Files</Filter>
    </CustomBuild>
    <CustomBuild Include="guis\CopyFilterGUIScene.h">
      <Filter>Header Files</Filter>
    </CustomBuild>
    <CustomBuild Include="CustomStyle.h">
      <Filter>Header Files</Filter>
    </CustomBuild>
    <ClInclude Include="..\filters\DelayFilter.h">
      <Filter>Header Files</Filter>
    </ClInclude>
    <ClInclude Include="..\filters\DelayFilterFactory.h">
      <Filter>Header Files</Filter>
    </ClInclude>
    <CustomBuild Include="guis\DelayFilterGUI.h">
      <Filter>Header Files</Filter>
    </CustomBuild>
    <CustomBuild Include="guis\DelayFilterGUIFactory.h">
      <Filter>Header Files</Filter>
    </CustomBuild>
    <ClInclude Include="..\DeviceAPOInfo.h">
      <Filter>Header Files</Filter>
    </ClInclude>
    <ClInclude Include="..\filters\DeviceFilterFactory.h">
      <Filter>Header Files</Filter>
    </ClInclude>
    <CustomBuild Include="guis\DeviceFilterGUI.h">
      <Filter>Header Files</Filter>
    </CustomBuild>
    <CustomBuild Include="guis\DeviceFilterGUIDialog.h">
      <Filter>Header Files</Filter>
    </CustomBuild>
    <CustomBuild Include="guis\DeviceFilterGUIFactory.h">
      <Filter>Header Files</Filter>
    </CustomBuild>
    <CustomBuild Include="helpers\DisableWheelFilter.h">
      <Filter>Header Files</Filter>
    </CustomBuild>
    <CustomBuild Include="widgets\EscapableLineEdit.h">
      <Filter>Header Files</Filter>
    </CustomBuild>
    <ClInclude Include="widgets\ExponentialSpinBox.h">
      <Filter>Header Files</Filter>
    </ClInclude>
    <ClInclude Include="..\filters\ExpressionFilterFactory.h">
      <Filter>Header Files</Filter>
    </ClInclude>
    <ClInclude Include="guis\ExpressionFilterGUIFactory.h">
      <Filter>Header Files</Filter>
    </ClInclude>
    <ClInclude Include="..\FilterConfiguration.h">
      <Filter>Header Files</Filter>
    </ClInclude>
    <ClInclude Include="..\FilterEngine.h">
      <Filter>Header Files</Filter>
    </ClInclude>
    <CustomBuild Include="FilterTable.h">
      <Filter>Header Files</Filter>
    </CustomBuild>
    <CustomBuild Include="FilterTableMimeData.h">
      <Filter>Header Files</Filter>
    </CustomBuild>
    <CustomBuild Include="FilterTableRow.h">
      <Filter>Header Files</Filter>
    </CustomBuild>
    <ClInclude Include="FilterTemplate.h">
      <Filter>Header Files</Filter>
    </ClInclude>
    <CustomBuild Include="widgets\FrequencyPlotHRuler.h">
      <Filter>Header Files</Filter>
    </CustomBuild>
    <ClInclude Include="widgets\FrequencyPlotItem.h">
      <Filter>Header Files</Filter>
    </ClInclude>
    <CustomBuild Include="widgets\FrequencyPlotScene.h">
      <Filter>Header Files</Filter>
    </CustomBuild>
    <CustomBuild Include="widgets\FrequencyPlotVRuler.h">
      <Filter>Header Files</Filter>
    </CustomBuild>
    <CustomBuild Include="widgets\FrequencyPlotView.h">
      <Filter>Header Files</Filter>
    </CustomBuild>
    <CustomBuild Include="helpers\GUIChannelHelper.h">
      <Filter>Header Files</Filter>
    </CustomBuild>
    <ClInclude Include="helpers\GUIHelper.h">
      <Filter>Header Files</Filter>
    </ClInclude>
    <ClInclude Include="..\helpers\GainIterator.h">
      <Filter>Header Files</Filter>
    </ClInclude>
    <ClInclude Include="..\filters\GraphicEQFilter.h">
      <Filter>Header Files</Filter>
    </ClInclude>
    <ClInclude Include="..\filters\GraphicEQFilterFactory.h">
      <Filter>Header Files</Filter>
    </ClInclude>
    <CustomBuild Include="guis\GraphicEQFilterGUI.h">
      <Filter>Header Files</Filter>
    </CustomBuild>
    <CustomBuild Include="guis\GraphicEQFilterGUIFactory.h">
      <Filter>Header Files</Filter>
    </CustomBuild>
    <ClInclude Include="guis\GraphicEQFilterGUIItem.h">
      <Filter>Header Files</Filter>
    </ClInclude>
    <CustomBuild Include="guis\GraphicEQFilterGUIScene.h">
      <Filter>Header Files</Filter>
    </CustomBuild>
    <CustomBuild Include="guis\GraphicEQFilterGUIView.h">
      <Filter>Header Files</Filter>
    </CustomBuild>
    <ClInclude Include="..\IFilter.h">
      <Filter>Header Files</Filter>
    </ClInclude>
    <ClInclude Include="..\IFilterFactory.h">
      <Filter>Header Files</Filter>
    </ClInclude>
    <CustomBuild Include="IFilterGUI.h">
      <Filter>Header Files</Filter>
    </CustomBuild>
    <CustomBuild Include="IFilterGUIFactory.h">
      <Filter>Header Files</Filter>
    </CustomBuild>
    <ClInclude Include="..\filters\IIRFilter.h">
      <Filter>Header Files</Filter>
    </ClInclude>
    <ClInclude Include="..\filters\IIRFilterFactory.h">
      <Filter>Header Files</Filter>
    </ClInclude>
    <ClInclude Include="..\filters\IfFilterFactory.h">
      <Filter>Header Files</Filter>
    </ClInclude>
    <ClInclude Include="..\filters\IncludeFilterFactory.h">
      <Filter>Header Files</Filter>
    </ClInclude>
    <CustomBuild Include="guis\IncludeFilterGUI.h">
      <Filter>Header Files</Filter>
    </CustomBuild>
    <CustomBuild Include="guis\IncludeFilterGUIFactory.h">
      <Filter>Header Files</Filter>
    </CustomBuild>
    <ClInclude Include="..\helpers\LogHelper.h">
      <Filter>Header Files</Filter>
    </ClInclude>
    <ClInclude Include="..\parser\LogicalOperators.h">
      <Filter>Header Files</Filter>
    </ClInclude>
    <ClInclude Include="..\filters\loudnessCorrection\LoudnessCorrectionFilter.h">
      <Filter>Header Files</Filter>
    </ClInclude>
    <ClInclude Include="..\filters\loudnessCorrection\LoudnessCorrectionFilterFactory.h">
      <Filter>Header Files</Filter>
    </ClInclude>
    <CustomBuild Include="guis\LoudnessCorrectionFilterGUI.h">
      <Filter>Header Files</Filter>
    </CustomBuild>
    <CustomBuild Include="guis\LoudnessCorrectionFilterGUIDialog.h">
      <Filter>Header Files</Filter>
    </CustomBuild>
    <CustomBuild Include="guis\LoudnessCorrectionFilterGUIFactory.h">
      <Filter>Header Files</Filter>
    </CustomBuild>
    <CustomBuild Include="MainWindow.h">
      <Filter>Header Files</Filter>
    </CustomBuild>
    <ClInclude Include="..\helpers\MemoryHelper.h">
      <Filter>Header Files</Filter>
    </ClInclude>
    <ClInclude Include="widgets\MiddleClickTabBar.h">
      <Filter>Header Files</Filter>
    </ClInclude>
    <ClInclude Include="widgets\MiddleClickTabWidget.h">
      <Filter>Header Files</Filter>
    </ClInclude>
    <ClInclude Include="..\filters\loudnessCorrection\ParameterArchive.h">
      <Filter>Header Files</Filter>
    </ClInclude>
    <ClInclude Include="..\filters\PreampFilter.h">
      <Filter>Header Files</Filter>
    </ClInclude>
    <ClInclude Include="..\filters\PreampFilterFactory.h">
      <Filter>Header Files</Filter>
    </ClInclude>
    <CustomBuild Include="guis\PreampFilterGUI.h">
      <Filter>Header Files</Filter>
    </CustomBuild>
    <CustomBuild Include="guis\PreampFilterGUIFactory.h">
      <Filter>Header Files</Filter>
    </CustomBuild>
    <ClInclude Include="helpers\QtSndfileHandle.h">
      <Filter>Header Files</Filter>
    </ClInclude>
    <ClInclude Include="..\parser\RegexFunctions.h">
      <Filter>Header Files</Filter>
    </ClInclude>
    <ClInclude Include="..\parser\RegistryFunctions.h">
      <Filter>Header Files</Filter>
    </ClInclude>
    <ClInclude Include="..\helpers\RegistryHelper.h">
      <Filter>Header Files</Filter>
    </ClInclude>
    <CustomBuild Include="widgets\ResizeCorner.h">
      <Filter>Header Files</Filter>
    </CustomBuild>
    <CustomBuild Include="widgets\ResizingLineEdit.h">
      <Filter>Header Files</Filter>
    </CustomBuild>
    <ClInclude Include="..\filters\StageFilterFactory.h">
      <Filter>Header Files</Filter>
    </ClInclude>
    <CustomBuild Include="guis\StageFilterGUI.h">
      <Filter>Header Files</Filter>
    </CustomBuild>
    <CustomBuild Include="guis\StageFilterGUIFactory.h">
      <Filter>Header Files</Filter>
    </CustomBuild>
    <ClInclude Include="..\helpers\StringHelper.h">
      <Filter>Header Files</Filter>
    </ClInclude>
    <ClInclude Include="..\parser\StringOperators.h">
      <Filter>Header Files</Filter>
    </ClInclude>
    <ClInclude Include="..\filters\VSTPluginFilter.h">
      <Filter>Header Files</Filter>
    </ClInclude>
    <ClInclude Include="..\filters\VSTPluginFilterFactory.h">
      <Filter>Header Files</Filter>
    </ClInclude>
    <CustomBuild Include="guis\VSTPluginFilterGUI.h">
      <Filter>Header Files</Filter>
    </CustomBuild>
    <CustomBuild Include="guis\VSTPluginFilterGUIDialog.h">
      <Filter>Header Files</Filter>
    </CustomBuild>
    <CustomBuild Include="guis\VSTPluginFilterGUIFactory.h">
      <Filter>Header Files</Filter>
    </CustomBuild>
    <ClInclude Include="..\helpers\VSTPluginInstance.h">
      <Filter>Header Files</Filter>
    </ClInclude>
    <ClInclude Include="..\helpers\VSTPluginLibrary.h">
      <Filter>Header Files</Filter>
    </ClInclude>
    <ClInclude Include="..\VoicemeeterAPOInfo.h">
      <Filter>Header Files</Filter>
    </ClInclude>
    <ClInclude Include="..\filters\loudnessCorrection\VolumeController.h">
      <Filter>Header Files</Filter>
    </ClInclude>
    <ClInclude Include="helpers\WASAPILoopback.h">
      <Filter>Header Files</Filter>
    </ClInclude>
    <ClInclude Include="..\libHybridConv-0.1.1\libHybridConv_eapo.h">
      <Filter>Header Files</Filter>
    </ClInclude>
    <CustomBuild Include="stable.h">
      <Filter>Header Files</Filter>
    </CustomBuild>
    <ClInclude Include="..\stdafx.h">
      <Filter>Header Files</Filter>
    </ClInclude>
    <ClInclude Include="..\version.h">
      <Filter>Header Files</Filter>
    </ClInclude>
  </ItemGroup>
  <ItemGroup>
    <ClCompile Include="debug\moc_AnalysisPlotScene.cpp">
      <Filter>Generated Files</Filter>
    </ClCompile>
    <ClCompile Include="release\moc_AnalysisPlotScene.cpp">
      <Filter>Generated Files</Filter>
    </ClCompile>
    <ClCompile Include="debug\moc_AnalysisPlotView.cpp">
      <Filter>Generated Files</Filter>
    </ClCompile>
    <ClCompile Include="release\moc_AnalysisPlotView.cpp">
      <Filter>Generated Files</Filter>
    </ClCompile>
    <ClCompile Include="debug\moc_AnalysisThread.cpp">
      <Filter>Generated Files</Filter>
    </ClCompile>
    <ClCompile Include="release\moc_AnalysisThread.cpp">
      <Filter>Generated Files</Filter>
    </ClCompile>
    <ClCompile Include="debug\moc_BiQuadFilterGUI.cpp">
      <Filter>Generated Files</Filter>
    </ClCompile>
    <ClCompile Include="release\moc_BiQuadFilterGUI.cpp">
      <Filter>Generated Files</Filter>
    </ClCompile>
    <ClCompile Include="debug\moc_BiQuadFilterGUIFactory.cpp">
      <Filter>Generated Files</Filter>
    </ClCompile>
    <ClCompile Include="release\moc_BiQuadFilterGUIFactory.cpp">
      <Filter>Generated Files</Filter>
    </ClCompile>
    <ClCompile Include="debug\moc_ChannelFilterGUI.cpp">
      <Filter>Generated Files</Filter>
    </ClCompile>
    <ClCompile Include="release\moc_ChannelFilterGUI.cpp">
      <Filter>Generated Files</Filter>
    </ClCompile>
    <ClCompile Include="debug\moc_ChannelFilterGUIDialog.cpp">
      <Filter>Generated Files</Filter>
    </ClCompile>
    <ClCompile Include="release\moc_ChannelFilterGUIDialog.cpp">
      <Filter>Generated Files</Filter>
    </ClCompile>
    <ClCompile Include="debug\moc_ChannelFilterGUIFactory.cpp">
      <Filter>Generated Files</Filter>
    </ClCompile>
    <ClCompile Include="release\moc_ChannelFilterGUIFactory.cpp">
      <Filter>Generated Files</Filter>
    </ClCompile>
    <ClCompile Include="debug\moc_ChannelFilterGUIScene.cpp">
      <Filter>Generated Files</Filter>
    </ClCompile>
    <ClCompile Include="release\moc_ChannelFilterGUIScene.cpp">
      <Filter>Generated Files</Filter>
    </ClCompile>
    <ClCompile Include="debug\moc_ChannelGraphScene.cpp">
      <Filter>Generated Files</Filter>
    </ClCompile>
    <ClCompile Include="release\moc_ChannelGraphScene.cpp">
      <Filter>Generated Files</Filter>
    </ClCompile>
    <ClCompile Include="debug\moc_CommentFilterGUI.cpp">
      <Filter>Generated Files</Filter>
    </ClCompile>
    <ClCompile Include="release\moc_CommentFilterGUI.cpp">
      <Filter>Generated Files</Filter>
    </ClCompile>
    <ClCompile Include="debug\moc_CommentFilterGUIFactory.cpp">
      <Filter>Generated Files</Filter>
    </ClCompile>
    <ClCompile Include="release\moc_CommentFilterGUIFactory.cpp">
      <Filter>Generated Files</Filter>
    </ClCompile>
    <ClCompile Include="debug\moc_CompactToolBar.cpp">
      <Filter>Generated Files</Filter>
    </ClCompile>
    <ClCompile Include="release\moc_CompactToolBar.cpp">
      <Filter>Generated Files</Filter>
    </ClCompile>
    <ClCompile Include="debug\moc_ConvolutionFilterGUI.cpp">
      <Filter>Generated Files</Filter>
    </ClCompile>
    <ClCompile Include="release\moc_ConvolutionFilterGUI.cpp">
      <Filter>Generated Files</Filter>
    </ClCompile>
    <ClCompile Include="debug\moc_ConvolutionFilterGUIFactory.cpp">
      <Filter>Generated Files</Filter>
    </ClCompile>
    <ClCompile Include="release\moc_ConvolutionFilterGUIFactory.cpp">
      <Filter>Generated Files</Filter>
    </ClCompile>
    <ClCompile Include="debug\moc_CopyFilterGUI.cpp">
      <Filter>Generated Files</Filter>
    </ClCompile>
    <ClCompile Include="release\moc_CopyFilterGUI.cpp">
      <Filter>Generated Files</Filter>
    </ClCompile>
    <ClCompile Include="debug\moc_CopyFilterGUIConnectionItem.cpp">
      <Filter>Generated Files</Filter>
    </ClCompile>
    <ClCompile Include="release\moc_CopyFilterGUIConnectionItem.cpp">
      <Filter>Generated Files</Filter>
    </ClCompile>
    <ClCompile Include="debug\moc_CopyFilterGUIFactory.cpp">
      <Filter>Generated Files</Filter>
    </ClCompile>
    <ClCompile Include="release\moc_CopyFilterGUIFactory.cpp">
      <Filter>Generated Files</Filter>
    </ClCompile>
    <ClCompile Include="debug\moc_CopyFilterGUIForm.cpp">
      <Filter>Generated Files</Filter>
    </ClCompile>
    <ClCompile Include="release\moc_CopyFilterGUIForm.cpp">
      <Filter>Generated Files</Filter>
    </ClCompile>
    <ClCompile Include="debug\moc_CopyFilterGUIRow.cpp">
      <Filter>Generated Files</Filter>
    </ClCompile>
    <ClCompile Include="release\moc_CopyFilterGUIRow.cpp">
      <Filter>Generated Files</Filter>
    </ClCompile>
    <ClCompile Include="debug\moc_CopyFilterGUIScene.cpp">
      <Filter>Generated Files</Filter>
    </ClCompile>
    <ClCompile Include="release\moc_CopyFilterGUIScene.cpp">
      <Filter>Generated Files</Filter>
    </ClCompile>
    <ClCompile Include="debug\moc_CustomStyle.cpp">
      <Filter>Generated Files</Filter>
    </ClCompile>
    <ClCompile Include="release\moc_CustomStyle.cpp">
      <Filter>Generated Files</Filter>
    </ClCompile>
    <ClCompile Include="debug\moc_DelayFilterGUI.cpp">
      <Filter>Generated Files</Filter>
    </ClCompile>
    <ClCompile Include="release\moc_DelayFilterGUI.cpp">
      <Filter>Generated Files</Filter>
    </ClCompile>
    <ClCompile Include="debug\moc_DelayFilterGUIFactory.cpp">
      <Filter>Generated Files</Filter>
    </ClCompile>
    <ClCompile Include="release\moc_DelayFilterGUIFactory.cpp">
      <Filter>Generated Files</Filter>
    </ClCompile>
    <ClCompile Include="debug\moc_DeviceFilterGUI.cpp">
      <Filter>Generated Files</Filter>
    </ClCompile>
    <ClCompile Include="release\moc_DeviceFilterGUI.cpp">
      <Filter>Generated Files</Filter>
    </ClCompile>
    <ClCompile Include="debug\moc_DeviceFilterGUIDialog.cpp">
      <Filter>Generated Files</Filter>
    </ClCompile>
    <ClCompile Include="release\moc_DeviceFilterGUIDialog.cpp">
      <Filter>Generated Files</Filter>
    </ClCompile>
    <ClCompile Include="debug\moc_DeviceFilterGUIFactory.cpp">
      <Filter>Generated Files</Filter>
    </ClCompile>
    <ClCompile Include="release\moc_DeviceFilterGUIFactory.cpp">
      <Filter>Generated Files</Filter>
    </ClCompile>
    <ClCompile Include="debug\moc_DisableWheelFilter.cpp">
      <Filter>Generated Files</Filter>
    </ClCompile>
    <ClCompile Include="release\moc_DisableWheelFilter.cpp">
      <Filter>Generated Files</Filter>
    </ClCompile>
    <ClCompile Include="debug\moc_EscapableLineEdit.cpp">
      <Filter>Generated Files</Filter>
    </ClCompile>
    <ClCompile Include="release\moc_EscapableLineEdit.cpp">
      <Filter>Generated Files</Filter>
    </ClCompile>
    <ClCompile Include="debug\moc_FilterTable.cpp">
      <Filter>Generated Files</Filter>
    </ClCompile>
    <ClCompile Include="release\moc_FilterTable.cpp">
      <Filter>Generated Files</Filter>
    </ClCompile>
    <ClCompile Include="debug\moc_FilterTableMimeData.cpp">
      <Filter>Generated Files</Filter>
    </ClCompile>
    <ClCompile Include="release\moc_FilterTableMimeData.cpp">
      <Filter>Generated Files</Filter>
    </ClCompile>
    <ClCompile Include="debug\moc_FilterTableRow.cpp">
      <Filter>Generated Files</Filter>
    </ClCompile>
    <ClCompile Include="release\moc_FilterTableRow.cpp">
      <Filter>Generated Files</Filter>
    </ClCompile>
    <ClCompile Include="debug\moc_FrequencyPlotHRuler.cpp">
      <Filter>Generated Files</Filter>
    </ClCompile>
    <ClCompile Include="release\moc_FrequencyPlotHRuler.cpp">
      <Filter>Generated Files</Filter>
    </ClCompile>
    <ClCompile Include="debug\moc_FrequencyPlotScene.cpp">
      <Filter>Generated Files</Filter>
    </ClCompile>
    <ClCompile Include="release\moc_FrequencyPlotScene.cpp">
      <Filter>Generated Files</Filter>
    </ClCompile>
    <ClCompile Include="debug\moc_FrequencyPlotVRuler.cpp">
      <Filter>Generated Files</Filter>
    </ClCompile>
    <ClCompile Include="release\moc_FrequencyPlotVRuler.cpp">
      <Filter>Generated Files</Filter>
    </ClCompile>
    <ClCompile Include="debug\moc_FrequencyPlotView.cpp">
      <Filter>Generated Files</Filter>
    </ClCompile>
    <ClCompile Include="release\moc_FrequencyPlotView.cpp">
      <Filter>Generated Files</Filter>
    </ClCompile>
    <ClCompile Include="debug\moc_GUIChannelHelper.cpp">
      <Filter>Generated Files</Filter>
    </ClCompile>
    <ClCompile Include="release\moc_GUIChannelHelper.cpp">
      <Filter>Generated Files</Filter>
    </ClCompile>
    <ClCompile Include="debug\moc_GraphicEQFilterGUI.cpp">
      <Filter>Generated Files</Filter>
    </ClCompile>
    <ClCompile Include="release\moc_GraphicEQFilterGUI.cpp">
      <Filter>Generated Files</Filter>
    </ClCompile>
    <ClCompile Include="debug\moc_GraphicEQFilterGUIFactory.cpp">
      <Filter>Generated Files</Filter>
    </ClCompile>
    <ClCompile Include="release\moc_GraphicEQFilterGUIFactory.cpp">
      <Filter>Generated Files</Filter>
    </ClCompile>
    <ClCompile Include="debug\moc_GraphicEQFilterGUIScene.cpp">
      <Filter>Generated Files</Filter>
    </ClCompile>
    <ClCompile Include="release\moc_GraphicEQFilterGUIScene.cpp">
      <Filter>Generated Files</Filter>
    </ClCompile>
    <ClCompile Include="debug\moc_GraphicEQFilterGUIView.cpp">
      <Filter>Generated Files</Filter>
    </ClCompile>
    <ClCompile Include="release\moc_GraphicEQFilterGUIView.cpp">
      <Filter>Generated Files</Filter>
    </ClCompile>
    <ClCompile Include="debug\moc_IFilterGUI.cpp">
      <Filter>Generated Files</Filter>
    </ClCompile>
    <ClCompile Include="release\moc_IFilterGUI.cpp">
      <Filter>Generated Files</Filter>
    </ClCompile>
    <ClCompile Include="debug\moc_IFilterGUIFactory.cpp">
      <Filter>Generated Files</Filter>
    </ClCompile>
    <ClCompile Include="release\moc_IFilterGUIFactory.cpp">
      <Filter>Generated Files</Filter>
    </ClCompile>
    <ClCompile Include="debug\moc_IncludeFilterGUI.cpp">
      <Filter>Generated Files</Filter>
    </ClCompile>
    <ClCompile Include="release\moc_IncludeFilterGUI.cpp">
      <Filter>Generated Files</Filter>
    </ClCompile>
    <ClCompile Include="debug\moc_IncludeFilterGUIFactory.cpp">
      <Filter>Generated Files</Filter>
    </ClCompile>
    <ClCompile Include="release\moc_IncludeFilterGUIFactory.cpp">
      <Filter>Generated Files</Filter>
    </ClCompile>
    <ClCompile Include="debug\moc_LoudnessCorrectionFilterGUI.cpp">
      <Filter>Generated Files</Filter>
    </ClCompile>
    <ClCompile Include="release\moc_LoudnessCorrectionFilterGUI.cpp">
      <Filter>Generated Files</Filter>
    </ClCompile>
    <ClCompile Include="debug\moc_LoudnessCorrectionFilterGUIDialog.cpp">
      <Filter>Generated Files</Filter>
    </ClCompile>
    <ClCompile Include="release\moc_LoudnessCorrectionFilterGUIDialog.cpp">
      <Filter>Generated Files</Filter>
    </ClCompile>
    <ClCompile Include="debug\moc_LoudnessCorrectionFilterGUIFactory.cpp">
      <Filter>Generated Files</Filter>
    </ClCompile>
    <ClCompile Include="release\moc_LoudnessCorrectionFilterGUIFactory.cpp">
      <Filter>Generated Files</Filter>
    </ClCompile>
    <ClCompile Include="debug\moc_MainWindow.cpp">
      <Filter>Generated Files</Filter>
    </ClCompile>
    <ClCompile Include="release\moc_MainWindow.cpp">
      <Filter>Generated Files</Filter>
    </ClCompile>
    <ClCompile Include="debug\moc_PreampFilterGUI.cpp">
      <Filter>Generated Files</Filter>
    </ClCompile>
    <ClCompile Include="release\moc_PreampFilterGUI.cpp">
      <Filter>Generated Files</Filter>
    </ClCompile>
    <ClCompile Include="debug\moc_PreampFilterGUIFactory.cpp">
      <Filter>Generated Files</Filter>
    </ClCompile>
    <ClCompile Include="release\moc_PreampFilterGUIFactory.cpp">
      <Filter>Generated Files</Filter>
    </ClCompile>
    <ClCompile Include="debug\moc_ResizeCorner.cpp">
      <Filter>Generated Files</Filter>
    </ClCompile>
    <ClCompile Include="release\moc_ResizeCorner.cpp">
      <Filter>Generated Files</Filter>
    </ClCompile>
    <ClCompile Include="debug\moc_ResizingLineEdit.cpp">
      <Filter>Generated Files</Filter>
    </ClCompile>
    <ClCompile Include="release\moc_ResizingLineEdit.cpp">
      <Filter>Generated Files</Filter>
    </ClCompile>
    <ClCompile Include="debug\moc_StageFilterGUI.cpp">
      <Filter>Generated Files</Filter>
    </ClCompile>
    <ClCompile Include="release\moc_StageFilterGUI.cpp">
      <Filter>Generated Files</Filter>
    </ClCompile>
    <ClCompile Include="debug\moc_StageFilterGUIFactory.cpp">
      <Filter>Generated Files</Filter>
    </ClCompile>
    <ClCompile Include="release\moc_StageFilterGUIFactory.cpp">
      <Filter>Generated Files</Filter>
    </ClCompile>
    <ClCompile Include="debug\moc_VSTPluginFilterGUI.cpp">
      <Filter>Generated Files</Filter>
    </ClCompile>
    <ClCompile Include="release\moc_VSTPluginFilterGUI.cpp">
      <Filter>Generated Files</Filter>
    </ClCompile>
    <ClCompile Include="debug\moc_VSTPluginFilterGUIDialog.cpp">
      <Filter>Generated Files</Filter>
    </ClCompile>
    <ClCompile Include="release\moc_VSTPluginFilterGUIDialog.cpp">
      <Filter>Generated Files</Filter>
    </ClCompile>
    <ClCompile Include="debug\moc_VSTPluginFilterGUIFactory.cpp">
      <Filter>Generated Files</Filter>
    </ClCompile>
    <ClCompile Include="release\moc_VSTPluginFilterGUIFactory.cpp">
      <Filter>Generated Files</Filter>
    </ClCompile>
    <CustomBuild Include="debug\moc_predefs.h.cbt">
      <Filter>Generated Files</Filter>
    </CustomBuild>
    <CustomBuild Include="release\moc_predefs.h.cbt">
      <Filter>Generated Files</Filter>
    </CustomBuild>
    <ClCompile Include="debug\qrc_Editor.cpp">
      <Filter>Generated Files</Filter>
    </ClCompile>
    <ClCompile Include="release\qrc_Editor.cpp">
      <Filter>Generated Files</Filter>
    </ClCompile>
    <ClCompile Include="stable.h.cpp">
      <Filter>Generated Files</Filter>
    </ClCompile>
    <ClInclude Include="ui_BiQuadFilterGUI.h">
      <Filter>Generated Files</Filter>
    </ClInclude>
    <ClInclude Include="ui_ChannelFilterGUI.h">
      <Filter>Generated Files</Filter>
    </ClInclude>
    <ClInclude Include="ui_ChannelFilterGUIDialog.h">
      <Filter>Generated Files</Filter>
    </ClInclude>
    <ClInclude Include="ui_CommentFilterGUI.h">
      <Filter>Generated Files</Filter>
    </ClInclude>
    <ClInclude Include="ui_ConvolutionFilterGUI.h">
      <Filter>Generated Files</Filter>
    </ClInclude>
    <ClInclude Include="ui_CopyFilterGUI.h">
      <Filter>Generated Files</Filter>
    </ClInclude>
    <ClInclude Include="ui_CopyFilterGUIRow.h">
      <Filter>Generated Files</Filter>
    </ClInclude>
    <ClInclude Include="ui_DelayFilterGUI.h">
      <Filter>Generated Files</Filter>
    </ClInclude>
    <ClInclude Include="ui_DeviceFilterGUI.h">
      <Filter>Generated Files</Filter>
    </ClInclude>
    <ClInclude Include="ui_DeviceFilterGUIDialog.h">
      <Filter>Generated Files</Filter>
    </ClInclude>
    <ClInclude Include="ui_FilterTableRow.h">
      <Filter>Generated Files</Filter>
    </ClInclude>
    <ClInclude Include="ui_GraphicEQFilterGUI.h">
      <Filter>Generated Files</Filter>
    </ClInclude>
    <ClInclude Include="ui_IncludeFilterGUI.h">
      <Filter>Generated Files</Filter>
    </ClInclude>
    <ClInclude Include="ui_LoudnessCorrectionFilterGUI.h">
      <Filter>Generated Files</Filter>
    </ClInclude>
    <ClInclude Include="ui_LoudnessCorrectionFilterGUIDialog.h">
      <Filter>Generated Files</Filter>
    </ClInclude>
    <ClInclude Include="ui_MainWindow.h">
      <Filter>Generated Files</Filter>
    </ClInclude>
    <ClInclude Include="ui_PreampFilterGUI.h">
      <Filter>Generated Files</Filter>
    </ClInclude>
    <ClInclude Include="ui_StageFilterGUI.h">
      <Filter>Generated Files</Filter>
    </ClInclude>
    <ClInclude Include="ui_VSTPluginFilterGUI.h">
      <Filter>Generated Files</Filter>
    </ClInclude>
    <ClInclude Include="ui_VSTPluginFilterGUIDialog.h">
      <Filter>Generated Files</Filter>
    </ClInclude>
  </ItemGroup>
  <ItemGroup>
    <None Include="translations\Editor_de.ts">
      <Filter>Translation Files</Filter>
    </None>
    <None Include="translations\Editor_fr.ts">
      <Filter>Translation Files</Filter>
    </None>
    <None Include="translations\Editor_zh_CN.ts">
      <Filter>Translation Files</Filter>
    </None>
  </ItemGroup>
  <ItemGroup>
    <CustomBuild Include="guis\BiQuadFilterGUI.ui">
      <Filter>Form Files</Filter>
    </CustomBuild>
    <CustomBuild Include="guis\ChannelFilterGUI.ui">
      <Filter>Form Files</Filter>
    </CustomBuild>
    <CustomBuild Include="guis\ChannelFilterGUIDialog.ui">
      <Filter>Form Files</Filter>
    </CustomBuild>
    <CustomBuild Include="guis\CommentFilterGUI.ui">
      <Filter>Form Files</Filter>
    </CustomBuild>
    <CustomBuild Include="guis\ConvolutionFilterGUI.ui">
      <Filter>Form Files</Filter>
    </CustomBuild>
    <CustomBuild Include="guis\CopyFilterGUI.ui">
      <Filter>Form Files</Filter>
    </CustomBuild>
    <CustomBuild Include="guis\CopyFilterGUIRow.ui">
      <Filter>Form Files</Filter>
    </CustomBuild>
    <CustomBuild Include="guis\DelayFilterGUI.ui">
      <Filter>Form Files</Filter>
    </CustomBuild>
    <CustomBuild Include="guis\DeviceFilterGUI.ui">
      <Filter>Form Files</Filter>
    </CustomBuild>
    <CustomBuild Include="guis\DeviceFilterGUIDialog.ui">
      <Filter>Form Files</Filter>
    </CustomBuild>
    <CustomBuild Include="FilterTableRow.ui">
      <Filter>Form Files</Filter>
    </CustomBuild>
    <CustomBuild Include="guis\GraphicEQFilterGUI.ui">
      <Filter>Form Files</Filter>
    </CustomBuild>
    <CustomBuild Include="guis\IncludeFilterGUI.ui">
      <Filter>Form Files</Filter>
    </CustomBuild>
    <CustomBuild Include="guis\LoudnessCorrectionFilterGUI.ui">
      <Filter>Form Files</Filter>
    </CustomBuild>
    <CustomBuild Include="guis\LoudnessCorrectionFilterGUIDialog.ui">
      <Filter>Form Files</Filter>
    </CustomBuild>
    <CustomBuild Include="MainWindow.ui">
      <Filter>Form Files</Filter>
    </CustomBuild>
    <CustomBuild Include="guis\PreampFilterGUI.ui">
      <Filter>Form Files</Filter>
    </CustomBuild>
    <CustomBuild Include="guis\StageFilterGUI.ui">
      <Filter>Form Files</Filter>
    </CustomBuild>
    <CustomBuild Include="guis\VSTPluginFilterGUI.ui">
      <Filter>Form Files</Filter>
    </CustomBuild>
    <CustomBuild Include="guis\VSTPluginFilterGUIDialog.ui">
      <Filter>Form Files</Filter>
    </CustomBuild>
  </ItemGroup>
  <ItemGroup>
    <CustomBuild Include="Editor.qrc">
      <Filter>Resource Files</Filter>
    </CustomBuild>
    <None Include="translations\Editor_de.qm">
      <Filter>Resource Files</Filter>
    </None>
    <None Include="translations\Editor_fr.qm">
      <Filter>Resource Files</Filter>
    </None>
    <None Include="translations\Editor_zh_CN.qm">
      <Filter>Resource Files</Filter>
    </None>
    <None Include="icons\accessories-text-editor.ico">
      <Filter>Resource Files</Filter>
    </None>
    <None Include="icons\applications-graphics-rotated.ico">
      <Filter>Resource Files</Filter>
    </None>
    <None Include="icons\arrow_right.ico">
      <Filter>Resource Files</Filter>
    </None>
    <None Include="icons\document-new.ico">
      <Filter>Resource Files</Filter>
    </None>
    <None Include="icons\document-open.ico">
      <Filter>Resource Files</Filter>
    </None>
    <None Include="icons\document-save-as.ico">
      <Filter>Resource Files</Filter>
    </None>
    <None Include="icons\document-save.ico">
      <Filter>Resource Files</Filter>
    </None>
    <None Include="icons\edit-copy.ico">
      <Filter>Resource Files</Filter>
    </None>
    <None Include="icons\edit-cut.ico">
      <Filter>Resource Files</Filter>
    </None>
    <None Include="icons\edit-delete.ico">
      <Filter>Resource Files</Filter>
    </None>
    <None Include="icons\edit-paste.ico">
      <Filter>Resource Files</Filter>
    </None>
    <None Include="icons\edit-select-all.ico">
      <Filter>Resource Files</Filter>
    </None>
    <None Include="icons\format-justify-fill-rotated.ico">
      <Filter>Resource Files</Filter>
    </None>
    <None Include="icons\go-up.ico">
      <Filter>Resource Files</Filter>
    </None>
    <None Include="icons\dark-mode\invert_response.svg">
      <Filter>Resource Files</Filter>
    </None>
    <None Include="icons\invert_response.svg">
      <Filter>Resource Files</Filter>
    </None>
    <None Include="icons\list-add-green.ico">
      <Filter>Resource Files</Filter>
    </None>
    <None Include="icons\list-remove-red.ico">
      <Filter>Resource Files</Filter>
    </None>
    <None Include="icons\dark-mode\normalize_response.svg">
      <Filter>Resource Files</Filter>
    </None>
    <None Include="icons\normalize_response.svg">
      <Filter>Resource Files</Filter>
    </None>
    <None Include="sounds\pinkNoise.flac">
      <Filter>Resource Files</Filter>
    </None>
    <None Include="icons\power_off.svg">
      <Filter>Resource Files</Filter>
    </None>
    <None Include="icons\power_on.svg">
      <Filter>Resource Files</Filter>
    </None>
    <None Include="translations\qtbase_de.qm">
      <Filter>Resource Files</Filter>
    </None>
    <None Include="translations\qtbase_fr.qm">
      <Filter>Resource Files</Filter>
    </None>
    <None Include="translations\qtbase_zh_CN.qm">
      <Filter>Resource Files</Filter>
    </None>
    <None Include="icons\dark-mode\reset_response.svg">
      <Filter>Resource Files</Filter>
    </None>
    <None Include="icons\reset_response.svg">
      <Filter>Resource Files</Filter>
    </None>
    <None Include="icons\resize_corner.ico">
      <Filter>Resource Files</Filter>
    </None>
    <None Include="icons\dark-mode\toolbar-ext-h.svg">
      <Filter>Resource Files</Filter>
    </None>
    <None Include="icons\dark-mode\toolbar-ext-v.svg">
      <Filter>Resource Files</Filter>
    </None>
  </ItemGroup>
  <ItemGroup>
    <None Include="..\uncrustify.cfg">
      <Filter>Distribution Files</Filter>
    </None>
  </ItemGroup>
  <ItemGroup>
    <ResourceCompile Include="Editor.rc" />
  </ItemGroup>
</Project>